
Microsoft Visual Studio Solution File, Format Version 12.00
# Visual Studio Version 16
VisualStudioVersion = 16.0.31005.135
MinimumVisualStudioVersion = 10.0.40219.1
Project("{FAE04EC0-301F-11D3-BF4B-00C04F79EFBC}") = "Madlibs", "Madlibs.csproj", "{F55B8114-4530-4C8C-BFB0-A116128B1886}"
EndProject
Global
	GlobalSection(SolutionConfigurationPlatforms) = preSolution
		Debug|Any CPU = Debug|Any CPU
		Release|Any CPU = Release|Any CPU
	EndGlobalSection
	GlobalSection(ProjectConfigurationPlatforms) = postSolution
		{F55B8114-4530-4C8C-BFB0-A116128B1886}.Debug|Any CPU.ActiveCfg = Debug|Any CPU
		{F55B8114-4530-4C8C-BFB0-A116128B1886}.Debug|Any CPU.Build.0 = Debug|Any CPU
		{F55B8114-4530-4C8C-BFB0-A116128B1886}.Release|Any CPU.ActiveCfg = Release|Any CPU
		{F55B8114-4530-4C8C-BFB0-A116128B1886}.Release|Any CPU.Build.0 = Release|Any CPU
	EndGlobalSection
	GlobalSection(SolutionProperties) = preSolution
		HideSolutionNode = FALSE
	EndGlobalSection
	GlobalSection(ExtensibilityGlobals) = postSolution
		SolutionGuid = {7D61DC4E-12F2-4A77-B2D9-402894F87D73}
	EndGlobalSection
EndGlobal
